// !$*UTF8*$!
{
	archiveVersion = 1;
	classes = {
	};
	objectVersion = 50;
	objects = {

/* Begin PBXBuildFile section */
		A319103D224453D0006E293A /* AppDelegate.swift in Sources */ = {isa = PBXBuildFile; fileRef = A319103C224453D0006E293A /* AppDelegate.swift */; };
		A319103F224453D0006E293A /* ViewController.swift in Sources */ = {isa = PBXBuildFile; fileRef = A319103E224453D0006E293A /* ViewController.swift */; };
		A3191042224453D0006E293A /* Main.storyboard in Resources */ = {isa = PBXBuildFile; fileRef = A3191040224453D0006E293A /* Main.storyboard */; };
		A3191044224453D2006E293A /* Assets.xcassets in Resources */ = {isa = PBXBuildFile; fileRef = A3191043224453D2006E293A /* Assets.xcassets */; };
		A3191047224453D2006E293A /* LaunchScreen.storyboard in Resources */ = {isa = PBXBuildFile; fileRef = A3191045224453D2006E293A /* LaunchScreen.storyboard */; };
		A3191052224453D2006E293A /* mikigramTests.swift in Sources */ = {isa = PBXBuildFile; fileRef = A3191051224453D2006E293A /* mikigramTests.swift */; };
		A319105D224453D2006E293A /* mikigramUITests.swift in Sources */ = {isa = PBXBuildFile; fileRef = A319105C224453D2006E293A /* mikigramUITests.swift */; };
/* End PBXBuildFile section */

/* Begin PBXContainerItemProxy section */
		A319104E224453D2006E293A /* PBXContainerItemProxy */ = {
			isa = PBXContainerItemProxy;
			containerPortal = A3191031224453D0006E293A /* Project object */;
			proxyType = 1;
			remoteGlobalIDString = A3191038224453D0006E293A;
			remoteInfo = mikigram;
		};
		A3191059224453D2006E293A /* PBXContainerItemProxy */ = {
			isa = PBXContainerItemProxy;
			containerPortal = A3191031224453D0006E293A /* Project object */;
			proxyType = 1;
			remoteGlobalIDString = A3191038224453D0006E293A;
			remoteInfo = mikigram;
		};
/* End PBXContainerItemProxy section */

/* Begin PBXFileReference section */
		A3191039224453D0006E293A /* mikigram.app */ = {isa = PBXFileReference; explicitFileType = wrapper.application; includeInIndex = 0; path = mikigram.app; sourceTree = BUILT_PRODUCTS_DIR; };
		A319103C224453D0006E293A /* AppDelegate.swift */ = {isa = PBXFileReference; lastKnownFileType = sourcecode.swift; path = AppDelegate.swift; sourceTree = "<group>"; };
		A319103E224453D0006E293A /* ViewController.swift */ = {isa = PBXFileReference; lastKnownFileType = sourcecode.swift; path = ViewController.swift; sourceTree = "<group>"; };
		A3191041224453D0006E293A /* Base */ = {isa = PBXFileReference; lastKnownFileType = file.storyboard; name = Base; path = Base.lproj/Main.storyboard; sourceTree = "<group>"; };
		A3191043224453D2006E293A /* Assets.xcassets */ = {isa = PBXFileReference; lastKnownFileType = folder.assetcatalog; path = Assets.xcassets; sourceTree = "<group>"; };
		A3191046224453D2006E293A /* Base */ = {isa = PBXFileReference; lastKnownFileType = file.storyboard; name = Base; path = Base.lproj/LaunchScreen.storyboard; sourceTree = "<group>"; };
		A3191048224453D2006E293A /* Info.plist */ = {isa = PBXFileReference; lastKnownFileType = text.plist.xml; path = Info.plist; sourceTree = "<group>"; };
		A319104D224453D2006E293A /* mikigramTests.xctest */ = {isa = PBXFileReference; explicitFileType = wrapper.cfbundle; includeInIndex = 0; path = mikigramTests.xctest; sourceTree = BUILT_PRODUCTS_DIR; };
		A3191051224453D2006E293A /* mikigramTests.swift */ = {isa = PBXFileReference; lastKnownFileType = sourcecode.swift; path = mikigramTests.swift; sourceTree = "<group>"; };
		A3191053224453D2006E293A /* Info.plist */ = {isa = PBXFileReference; lastKnownFileType = text.plist.xml; path = Info.plist; sourceTree = "<group>"; };
		A3191058224453D2006E293A /* mikigramUITests.xctest */ = {isa = PBXFileReference; explicitFileType = wrapper.cfbundle; includeInIndex = 0; path = mikigramUITests.xctest; sourceTree = BUILT_PRODUCTS_DIR; };
		A319105C224453D2006E293A /* mikigramUITests.swift */ = {isa = PBXFileReference; lastKnownFileType = sourcecode.swift; path = mikigramUITests.swift; sourceTree = "<group>"; };
		A319105E224453D2006E293A /* Info.plist */ = {isa = PBXFileReference; lastKnownFileType = text.plist.xml; path = Info.plist; sourceTree = "<group>"; };
/* End PBXFileReference section */

/* Begin PBXFrameworksBuildPhase section */
		A3191036224453D0006E293A /* Frameworks */ = {
			isa = PBXFrameworksBuildPhase;
			buildActionMask = 2147483647;
			files = (
			);
			runOnlyForDeploymentPostprocessing = 0;
		};
		A319104A224453D2006E293A /* Frameworks */ = {
			isa = PBXFrameworksBuildPhase;
			buildActionMask = 2147483647;
			files = (
			);
			runOnlyForDeploymentPostprocessing = 0;
		};
		A3191055224453D2006E293A /* Frameworks */ = {
			isa = PBXFrameworksBuildPhase;
			buildActionMask = 2147483647;
			files = (
			);
			runOnlyForDeploymentPostprocessing = 0;
		};
/* End PBXFrameworksBuildPhase section */

/* Begin PBXGroup section */
		A3191030224453D0006E293A = {
			isa = PBXGroup;
			children = (
				A319103B224453D0006E293A /* mikigram */,
				A3191050224453D2006E293A /* mikigramTests */,
				A319105B224453D2006E293A /* mikigramUITests */,
				A319103A224453D0006E293A /* Products */,
			);
			sourceTree = "<group>";
		};
		A319103A224453D0006E293A /* Products */ = {
			isa = PBXGroup;
			children = (
				A3191039224453D0006E293A /* mikigram.app */,
				A319104D224453D2006E293A /* mikigramTests.xctest */,
				A3191058224453D2006E293A /* mikigramUITests.xctest */,
			);
			name = Products;
			sourceTree = "<group>";
		};
		A319103B224453D0006E293A /* mikigram */ = {
			isa = PBXGroup;
			children = (
				A319103C224453D0006E293A /* AppDelegate.swift */,
				A319103E224453D0006E293A /* ViewController.swift */,
				A3191040224453D0006E293A /* Main.storyboard */,
				A3191043224453D2006E293A /* Assets.xcassets */,
				A3191045224453D2006E293A /* LaunchScreen.storyboard */,
				A3191048224453D2006E293A /* Info.plist */,
			);
			path = mikigram;
			sourceTree = "<group>";
		};
		A3191050224453D2006E293A /* mikigramTests */ = {
			isa = PBXGroup;
			children = (
				A3191051224453D2006E293A /* mikigramTests.swift */,
				A3191053224453D2006E293A /* Info.plist */,
			);
			path = mikigramTests;
			sourceTree = "<group>";
		};
		A319105B224453D2006E293A /* mikigramUITests */ = {
			isa = PBXGroup;
			children = (
				A319105C224453D2006E293A /* mikigramUITests.swift */,
				A319105E224453D2006E293A /* Info.plist */,
			);
			path = mikigramUITests;
			sourceTree = "<group>";
		};
/* End PBXGroup section */

/* Begin PBXNativeTarget section */
		A3191038224453D0006E293A /* mikigram */ = {
			isa = PBXNativeTarget;
			buildConfigurationList = A3191061224453D2006E293A /* Build configuration list for PBXNativeTarget "mikigram" */;
			buildPhases = (
				A3191035224453D0006E293A /* Sources */,
				A3191036224453D0006E293A /* Frameworks */,
				A3191037224453D0006E293A /* Resources */,
			);
			buildRules = (
			);
			dependencies = (
			);
			name = mikigram;
			productName = mikigram;
			productReference = A3191039224453D0006E293A /* mikigram.app */;
			productType = "com.apple.product-type.application";
		};
		A319104C224453D2006E293A /* mikigramTests */ = {
			isa = PBXNativeTarget;
			buildConfigurationList = A3191064224453D2006E293A /* Build configuration list for PBXNativeTarget "mikigramTests" */;
			buildPhases = (
				A3191049224453D2006E293A /* Sources */,
				A319104A224453D2006E293A /* Frameworks */,
				A319104B224453D2006E293A /* Resources */,
			);
			buildRules = (
			);
			dependencies = (
				A319104F224453D2006E293A /* PBXTargetDependency */,
			);
			name = mikigramTests;
			productName = mikigramTests;
			productReference = A319104D224453D2006E293A /* mikigramTests.xctest */;
			productType = "com.apple.product-type.bundle.unit-test";
		};
		A3191057224453D2006E293A /* mikigramUITests */ = {
			isa = PBXNativeTarget;
			buildConfigurationList = A3191067224453D2006E293A /* Build configuration list for PBXNativeTarget "mikigramUITests" */;
			buildPhases = (
				A3191054224453D2006E293A /* Sources */,
				A3191055224453D2006E293A /* Frameworks */,
				A3191056224453D2006E293A /* Resources */,
			);
			buildRules = (
			);
			dependencies = (
				A319105A224453D2006E293A /* PBXTargetDependency */,
			);
			name = mikigramUITests;
			productName = mikigramUITests;
			productReference = A3191058224453D2006E293A /* mikigramUITests.xctest */;
			productType = "com.apple.product-type.bundle.ui-testing";
		};
/* End PBXNativeTarget section */

/* Begin PBXProject section */
		A3191031224453D0006E293A /* Project object */ = {
			isa = PBXProject;
			attributes = {
				LastSwiftUpdateCheck = 1010;
				LastUpgradeCheck = 1010;
				ORGANIZATIONNAME = "Mikiann McIntosh";
				TargetAttributes = {
					A3191038224453D0006E293A = {
						CreatedOnToolsVersion = 10.1;
					};
					A319104C224453D2006E293A = {
						CreatedOnToolsVersion = 10.1;
						TestTargetID = A3191038224453D0006E293A;
					};
					A3191057224453D2006E293A = {
						CreatedOnToolsVersion = 10.1;
						TestTargetID = A3191038224453D0006E293A;
					};
				};
			};
			buildConfigurationList = A3191034224453D0006E293A /* Build configuration list for PBXProject "mikigram" */;
			compatibilityVersion = "Xcode 9.3";
			developmentRegion = en;
			hasScannedForEncodings = 0;
			knownRegions = (
				en,
				Base,
			);
			mainGroup = A3191030224453D0006E293A;
			productRefGroup = A319103A224453D0006E293A /* Products */;
			projectDirPath = "";
			projectRoot = "";
			targets = (
				A3191038224453D0006E293A /* mikigram */,
				A319104C224453D2006E293A /* mikigramTests */,
				A3191057224453D2006E293A /* mikigramUITests */,
			);
		};
/* End PBXProject section */

/* Begin PBXResourcesBuildPhase section */
		A3191037224453D0006E293A /* Resources */ = {
			isa = PBXResourcesBuildPhase;
			buildActionMask = 2147483647;
			files = (
				A3191047224453D2006E293A /* LaunchScreen.storyboard in Resources */,
				A3191044224453D2006E293A /* Assets.xcassets in Resources */,
				A3191042224453D0006E293A /* Main.storyboard in Resources */,
			);
			runOnlyForDeploymentPostprocessing = 0;
		};
		A319104B224453D2006E293A /* Resources */ = {
			isa = PBXResourcesBuildPhase;
			buildActionMask = 2147483647;
			files = (
			);
			runOnlyForDeploymentPostprocessing = 0;
		};
		A3191056224453D2006E293A /* Resources */ = {
			isa = PBXResourcesBuildPhase;
			buildActionMask = 2147483647;
			files = (
			);
			runOnlyForDeploymentPostprocessing = 0;
		};
/* End PBXResourcesBuildPhase section */

/* Begin PBXSourcesBuildPhase section */
		A3191035224453D0006E293A /* Sources */ = {
			isa = PBXSourcesBuildPhase;
			buildActionMask = 2147483647;
			files = (
				A319103F224453D0006E293A /* ViewController.swift in Sources */,
				A319103D224453D0006E293A /* AppDelegate.swift in Sources */,
			);
			runOnlyForDeploymentPostprocessing = 0;
		};
		A3191049224453D2006E293A /* Sources */ = {
			isa = PBXSourcesBuildPhase;
			buildActionMask = 2147483647;
			files = (
				A3191052224453D2006E293A /* mikigramTests.swift in Sources */,
			);
			runOnlyForDeploymentPostprocessing = 0;
		};
		A3191054224453D2006E293A /* Sources */ = {
			isa = PBXSourcesBuildPhase;
			buildActionMask = 2147483647;
			files = (
				A319105D224453D2006E293A /* mikigramUITests.swift in Sources */,
			);
			runOnlyForDeploymentPostprocessing = 0;
		};
/* End PBXSourcesBuildPhase section */

/* Begin PBXTargetDependency section */
		A319104F224453D2006E293A /* PBXTargetDependency */ = {
			isa = PBXTargetDependency;
			target = A3191038224453D0006E293A /* mikigram */;
			targetProxy = A319104E224453D2006E293A /* PBXContainerItemProxy */;
		};
		A319105A224453D2006E293A /* PBXTargetDependency */ = {
			isa = PBXTargetDependency;
			target = A3191038224453D0006E293A /* mikigram */;
			targetProxy = A3191059224453D2006E293A /* PBXContainerItemProxy */;
		};
/* End PBXTargetDependency section */

/* Begin PBXVariantGroup section */
		A3191040224453D0006E293A /* Main.storyboard */ = {
			isa = PBXVariantGroup;
			children = (
				A3191041224453D0006E293A /* Base */,
			);
			name = Main.storyboard;
			sourceTree = "<group>";
		};
		A3191045224453D2006E293A /* LaunchScreen.storyboard */ = {
			isa = PBXVariantGroup;
			children = (
				A3191046224453D2006E293A /* Base */,
			);
			name = LaunchScreen.storyboard;
			sourceTree = "<group>";
		};
/* End PBXVariantGroup section */

/* Begin XCBuildConfiguration section */
		A319105F224453D2006E293A /* Debug */ = {
			isa = XCBuildConfiguration;
			buildSettings = {
				ALWAYS_SEARCH_USER_PATHS = NO;
				CLANG_ANALYZER_NONNULL = YES;
				CLANG_ANALYZER_NUMBER_OBJECT_CONVERSION = YES_AGGRESSIVE;
				CLANG_CXX_LANGUAGE_STANDARD = "gnu++14";
				CLANG_CXX_LIBRARY = "libc++";
				CLANG_ENABLE_MODULES = YES;
				CLANG_ENABLE_OBJC_ARC = YES;
				CLANG_ENABLE_OBJC_WEAK = YES;
				CLANG_WARN_BLOCK_CAPTURE_AUTORELEASING = YES;
				CLANG_WARN_BOOL_CONVERSION = YES;
				CLANG_WARN_COMMA = YES;
				CLANG_WARN_CONSTANT_CONVERSION = YES;
				CLANG_WARN_DEPRECATED_OBJC_IMPLEMENTATIONS = YES;
				CLANG_WARN_DIRECT_OBJC_ISA_USAGE = YES_ERROR;
				CLANG_WARN_DOCUMENTATION_COMMENTS = YES;
				CLANG_WARN_EMPTY_BODY = YES;
				CLANG_WARN_ENUM_CONVERSION = YES;
				CLANG_WARN_INFINITE_RECURSION = YES;
				CLANG_WARN_INT_CONVERSION = YES;
				CLANG_WARN_NON_LITERAL_NULL_CONVERSION = YES;
				CLANG_WARN_OBJC_IMPLICIT_RETAIN_SELF = YES;
				CLANG_WARN_OBJC_LITERAL_CONVERSION = YES;
				CLANG_WARN_OBJC_ROOT_CLASS = YES_ERROR;
				CLANG_WARN_RANGE_LOOP_ANALYSIS = YES;
				CLANG_WARN_STRICT_PROTOTYPES = YES;
				CLANG_WARN_SUSPICIOUS_MOVE = YES;
				CLANG_WARN_UNGUARDED_AVAILABILITY = YES_AGGRESSIVE;
				CLANG_WARN_UNREACHABLE_CODE = YES;
				CLANG_WARN__DUPLICATE_METHOD_MATCH = YES;
				CODE_SIGN_IDENTITY = "iPhone Developer";
				COPY_PHASE_STRIP = NO;
				DEBUG_INFORMATION_FORMAT = dwarf;
				ENABLE_STRICT_OBJC_MSGSEND = YES;
				ENABLE_TESTABILITY = YES;
				GCC_C_LANGUAGE_STANDARD = gnu11;
				GCC_DYNAMIC_NO_PIC = NO;
				GCC_NO_COMMON_BLOCKS = YES;
				GCC_OPTIMIZATION_LEVEL = 0;
				GCC_PREPROCESSOR_DEFINITIONS = (
					"DEBUG=1",
					"$(inherited)",
				);
				GCC_WARN_64_TO_32_BIT_CONVERSION = YES;
				GCC_WARN_ABOUT_RETURN_TYPE = YES_ERROR;
				GCC_WARN_UNDECLARED_SELECTOR = YES;
				GCC_WARN_UNINITIALIZED_AUTOS = YES_AGGRESSIVE;
				GCC_WARN_UNUSED_FUNCTION = YES;
				GCC_WARN_UNUSED_VARIABLE = YES;
				IPHONEOS_DEPLOYMENT_TARGET = 12.1;
				MTL_ENABLE_DEBUG_INFO = INCLUDE_SOURCE;
				MTL_FAST_MATH = YES;
				ONLY_ACTIVE_ARCH = YES;
				SDKROOT = iphoneos;
				SWIFT_ACTIVE_COMPILATION_CONDITIONS = DEBUG;
				SWIFT_OPTIMIZATION_LEVEL = "-Onone";
			};
			name = Debug;
		};
		A3191060224453D2006E293A /* Release */ = {
			isa = XCBuildConfiguration;
			buildSettings = {
				ALWAYS_SEARCH_USER_PATHS = NO;
				CLANG_ANALYZER_NONNULL = YES;
				CLANG_ANALYZER_NUMBER_OBJECT_CONVERSION = YES_AGGRESSIVE;
				CLANG_CXX_LANGUAGE_STANDARD = "gnu++14";
				CLANG_CXX_LIBRARY = "libc++";
				CLANG_ENABLE_MODULES = YES;
				CLANG_ENABLE_OBJC_ARC = YES;
				CLANG_ENABLE_OBJC_WEAK = YES;
				CLANG_WARN_BLOCK_CAPTURE_AUTORELEASING = YES;
				CLANG_WARN_BOOL_CONVERSION = YES;
				CLANG_WARN_COMMA = YES;
				CLANG_WARN_CONSTANT_CONVERSION = YES;
				CLANG_WARN_DEPRECATED_OBJC_IMPLEMENTATIONS = YES;
				CLANG_WARN_DIRECT_OBJC_ISA_USAGE = YES_ERROR;
				CLANG_WARN_DOCUMENTATION_COMMENTS = YES;
				CLANG_WARN_EMPTY_BODY = YES;
				CLANG_WARN_ENUM_CONVERSION = YES;
				CLANG_WARN_INFINITE_RECURSION = YES;
				CLANG_WARN_INT_CONVERSION = YES;
				CLANG_WARN_NON_LITERAL_NULL_CONVERSION = YES;
				CLANG_WARN_OBJC_IMPLICIT_RETAIN_SELF = YES;
				CLANG_WARN_OBJC_LITERAL_CONVERSION = YES;
				CLANG_WARN_OBJC_ROOT_CLASS = YES_ERROR;
				CLANG_WARN_RANGE_LOOP_ANALYSIS = YES;
				CLANG_WARN_STRICT_PROTOTYPES = YES;
				CLANG_WARN_SUSPICIOUS_MOVE = YES;
				CLANG_WARN_UNGUARDED_AVAILABILITY = YES_AGGRESSIVE;
				CLANG_WARN_UNREACHABLE_CODE = YES;
				CLANG_WARN__DUPLICATE_METHOD_MATCH = YES;
				CODE_SIGN_IDENTITY = "iPhone Developer";
				COPY_PHASE_STRIP = NO;
				DEBUG_INFORMATION_FORMAT = "dwarf-with-dsym";
				ENABLE_NS_ASSERTIONS = NO;
				ENABLE_STRICT_OBJC_MSGSEND = YES;
				GCC_C_LANGUAGE_STANDARD = gnu11;
				GCC_NO_COMMON_BLOCKS = YES;
				GCC_WARN_64_TO_32_BIT_CONVERSION = YES;
				GCC_WARN_ABOUT_RETURN_TYPE = YES_ERROR;
				GCC_WARN_UNDECLARED_SELECTOR = YES;
				GCC_WARN_UNINITIALIZED_AUTOS = YES_AGGRESSIVE;
				GCC_WARN_UNUSED_FUNCTION = YES;
				GCC_WARN_UNUSED_VARIABLE = YES;
				IPHONEOS_DEPLOYMENT_TARGET = 12.1;
				MTL_ENABLE_DEBUG_INFO = NO;
				MTL_FAST_MATH = YES;
				SDKROOT = iphoneos;
				SWIFT_COMPILATION_MODE = wholemodule;
				SWIFT_OPTIMIZATION_LEVEL = "-O";
				VALIDATE_PRODUCT = YES;
			};
			name = Release;
		};
		A3191062224453D2006E293A /* Debug */ = {
			isa = XCBuildConfiguration;
			buildSettings = {
				ASSETCATALOG_COMPILER_APPICON_NAME = AppIcon;
				CODE_SIGN_STYLE = Automatic;
				DEVELOPMENT_TEAM = QK7N7SR99D;
				INFOPLIST_FILE = mikigram/Info.plist;
				LD_RUNPATH_SEARCH_PATHS = (
					"$(inherited)",
					"@executable_path/Frameworks",
				);
				PRODUCT_BUNDLE_IDENTIFIER = CodePath.mikigram;
				PRODUCT_NAME = "$(TARGET_NAME)";
				SWIFT_VERSION = 4.2;
				TARGETED_DEVICE_FAMILY = "1,2";
			};
			name = Debug;
		};
		A3191063224453D2006E293A /* Release */ = {
			isa = XCBuildConfiguration;
			buildSettings = {
				ASSETCATALOG_COMPILER_APPICON_NAME = AppIcon;
				CODE_SIGN_STYLE = Automatic;
				DEVELOPMENT_TEAM = QK7N7SR99D;
				INFOPLIST_FILE = mikigram/Info.plist;
				LD_RUNPATH_SEARCH_PATHS = (
					"$(inherited)",
					"@executable_path/Frameworks",
				);
				PRODUCT_BUNDLE_IDENTIFIER = CodePath.mikigram;
				PRODUCT_NAME = "$(TARGET_NAME)";
				SWIFT_VERSION = 4.2;
				TARGETED_DEVICE_FAMILY = "1,2";
			};
			name = Release;
		};
		A3191065224453D2006E293A /* Debug */ = {
			isa = XCBuildConfiguration;
			buildSettings = {
				ALWAYS_EMBED_SWIFT_STANDARD_LIBRARIES = YES;
				BUNDLE_LOADER = "$(TEST_HOST)";
				CODE_SIGN_STYLE = Automatic;
				DEVELOPMENT_TEAM = QK7N7SR99D;
				INFOPLIST_FILE = mikigramTests/Info.plist;
				LD_RUNPATH_SEARCH_PATHS = (
					"$(inherited)",
					"@executable_path/Frameworks",
					"@loader_path/Frameworks",
				);
				PRODUCT_BUNDLE_IDENTIFIER = CodePath.mikigramTests;
				PRODUCT_NAME = "$(TARGET_NAME)";
				SWIFT_VERSION = 4.2;
				TARGETED_DEVICE_FAMILY = "1,2";
				TEST_HOST = "$(BUILT_PRODUCTS_DIR)/mikigram.app/mikigram";
			};
			name = Debug;
		};
		A3191066224453D2006E293A /* Release */ = {
			isa = XCBuildConfiguration;
			buildSettings = {
				ALWAYS_EMBED_SWIFT_STANDARD_LIBRARIES = YES;
				BUNDLE_LOADER = "$(TEST_HOST)";
				CODE_SIGN_STYLE = Automatic;
				DEVELOPMENT_TEAM = QK7N7SR99D;
				INFOPLIST_FILE = mikigramTests/Info.plist;
				LD_RUNPATH_SEARCH_PATHS = (
					"$(inherited)",
					"@executable_path/Frameworks",
					"@loader_path/Frameworks",
				);
				PRODUCT_BUNDLE_IDENTIFIER = CodePath.mikigramTests;
				PRODUCT_NAME = "$(TARGET_NAME)";
				SWIFT_VERSION = 4.2;
				TARGETED_DEVICE_FAMILY = "1,2";
				TEST_HOST = "$(BUILT_PRODUCTS_DIR)/mikigram.app/mikigram";
			};
			name = Release;
		};
		A3191068224453D2006E293A /* Debug */ = {
			isa = XCBuildConfiguration;
			buildSettings = {
				ALWAYS_EMBED_SWIFT_STANDARD_LIBRARIES = YES;
				CODE_SIGN_STYLE = Automatic;
				DEVELOPMENT_TEAM = QK7N7SR99D;
				INFOPLIST_FILE = mikigramUITests/Info.plist;
				LD_RUNPATH_SEARCH_PATHS = (
					"$(inherited)",
					"@executable_path/Frameworks",
					"@loader_path/Frameworks",
				);
				PRODUCT_BUNDLE_IDENTIFIER = CodePath.mikigramUITests;
				PRODUCT_NAME = "$(TARGET_NAME)";
				SWIFT_VERSION = 4.2;
				TARGETED_DEVICE_FAMILY = "1,2";
				TEST_TARGET_NAME = mikigram;
			};
			name = Debug;
		};
		A3191069224453D2006E293A /* Release */ = {
			isa = XCBuildConfiguration;
			buildSettings = {
				ALWAYS_EMBED_SWIFT_STANDARD_LIBRARIES = YES;
				CODE_SIGN_STYLE = Automatic;
				DEVELOPMENT_TEAM = QK7N7SR99D;
				INFOPLIST_FILE = mikigramUITests/Info.plist;
				LD_RUNPATH_SEARCH_PATHS = (
					"$(inherited)",
					"@executable_path/Frameworks",
					"@loader_path/Frameworks",
				);
				PRODUCT_BUNDLE_IDENTIFIER = CodePath.mikigramUITests;
				PRODUCT_NAME = "$(TARGET_NAME)";
				SWIFT_VERSION = 4.2;
				TARGETED_DEVICE_FAMILY = "1,2";
				TEST_TARGET_NAME = mikigram;
			};
			name = Release;
		};
/* End XCBuildConfiguration section */

/* Begin XCConfigurationList section */
		A3191034224453D0006E293A /* Build configuration list for PBXProject "mikigram" */ = {
			isa = XCConfigurationList;
			buildConfigurations = (
				A319105F224453D2006E293A /* Debug */,
				A3191060224453D2006E293A /* Release */,
			);
			defaultConfigurationIsVisible = 0;
			defaultConfigurationName = Release;
		};
		A3191061224453D2006E293A /* Build configuration list for PBXNativeTarget "mikigram" */ = {
			isa = XCConfigurationList;
			buildConfigurations = (
				A3191062224453D2006E293A /* Debug */,
				A3191063224453D2006E293A /* Release */,
			);
			defaultConfigurationIsVisible = 0;
			defaultConfigurationName = Release;
		};
		A3191064224453D2006E293A /* Build configuration list for PBXNativeTarget "mikigramTests" */ = {
			isa = XCConfigurationList;
			buildConfigurations = (
				A3191065224453D2006E293A /* Debug */,
				A3191066224453D2006E293A /* Release */,
			);
			defaultConfigurationIsVisible = 0;
			defaultConfigurationName = Release;
		};
		A3191067224453D2006E293A /* Build configuration list for PBXNativeTarget "mikigramUITests" */ = {
			isa = XCConfigurationList;
			buildConfigurations = (
				A3191068224453D2006E293A /* Debug */,
				A3191069224453D2006E293A /* Release */,
			);
			defaultConfigurationIsVisible = 0;
			defaultConfigurationName = Release;
		};
/* End XCConfigurationList section */
	};
	rootObject = A3191031224453D0006E293A /* Project object */;
}
